# THIS IS AN AUTOGENERATED FILE. DO NOT EDIT THIS FILE DIRECTLY.
# yarn lockfile v1


ansi-styles@2.0.0:
  version "2.0.0"
  resolved "http://localhost:4873/ansi-styles/-/ansi-styles-2.0.0.tgz#432b26162fea1b63c878896abc8cc5548f25063e"

array-changes-async@3.0.1:
  version "3.0.1"
  resolved "http://localhost:4873/array-changes-async/-/array-changes-async-3.0.1.tgz#7103962ae9d954be12e3f0d844e1ac7021f65688"
  dependencies:
    arraydiff-async "0.2.0"

array-changes@3.0.1:
  version "3.0.1"
  resolved "http://localhost:4873/array-changes/-/array-changes-3.0.1.tgz#691aab4eb9fc6ae400446f1b0257cdb0fdd35dd6"
  dependencies:
    arraydiff-papandreou "0.1.1-patch1"

arraydiff-async@0.2.0:
  version "0.2.0"
  resolved "http://localhost:4873/arraydiff-async/-/arraydiff-async-0.2.0.tgz#bb0528b98e814b702f01f496bc73bec3e57f4086"

arraydiff-papandreou@0.1.1-patch1:
  version "0.1.1-patch1"
  resolved "http://localhost:4873/arraydiff-papandreou/-/arraydiff-papandreou-0.1.1-patch1.tgz#0290270bfdbb4b2efad8b7482638ad5a72109210"

babel-runtime@6.26.0:
  version "6.26.0"
  resolved "http://localhost:4873/babel-runtime/-/babel-runtime-6.26.0.tgz#965c7058668e82b55d7bfe04ff2337bc8b5647fe"
  dependencies:
    core-js "^2.4.0"
    regenerator-runtime "^0.11.0"

balanced-match@^1.0.0:
  version "1.0.0"
  resolved "http://localhost:4873/balanced-match/-/balanced-match-1.0.0.tgz#89b4d199ab2bee49de164ea02b89ce462d71b767"

brace-expansion@^1.1.7:
  version "1.1.11"
  resolved "http://localhost:4873/brace-expansion/-/brace-expansion-1.1.11.tgz#3c7fcbf529d87226f3d2f52b966ff5271eb441dd"
  dependencies:
    balanced-match "^1.0.0"
    concat-map "0.0.1"

browser-stdout@1.3.1:
  version "1.3.1"
  resolved "http://localhost:4873/browser-stdout/-/browser-stdout-1.3.1.tgz#baa559ee14ced73452229bad7326467c61fabd60"

color-diff@0.1.7:
  version "0.1.7"
  resolved "http://localhost:4873/color-diff/-/color-diff-0.1.7.tgz#6db78cd9482a8e459d40821eaf4b503283dcb8e2"

commander@2.11.0:
  version "2.11.0"
  resolved "http://localhost:4873/commander/-/commander-2.11.0.tgz#157152fd1e7a6c8d98a5b715cf376df928004563"

concat-map@0.0.1:
  version "0.0.1"
  resolved "http://localhost:4873/concat-map/-/concat-map-0.0.1.tgz#d8a96bd77fd68df7793a73036a3ba0d5405d477b"

core-js@^2.4.0:
  version "2.5.5"
  resolved "http://localhost:4873/core-js/-/core-js-2.5.5.tgz#b14dde936c640c0579a6b50cabcc132dd6127e3b"

debug@3.1.0:
  version "3.1.0"
  resolved "http://localhost:4873/debug/-/debug-3.1.0.tgz#5bb5a0672628b64149566ba16819e61518c67261"
  dependencies:
    ms "2.0.0"

detect-indent@3.0.1:
  version "3.0.1"
  resolved "http://localhost:4873/detect-indent/-/detect-indent-3.0.1.tgz#9dc5e5ddbceef8325764b9451b02bc6d54084f75"
  dependencies:
    get-stdin "^4.0.1"
    minimist "^1.1.0"
    repeating "^1.1.0"

diff@1.1.0:
  version "1.1.0"
  resolved "http://localhost:4873/diff/-/diff-1.1.0.tgz#798a49381aa464151e9b4f0e6ff2b09a8a1ad23f"

diff@3.5.0:
  version "3.5.0"
  resolved "http://localhost:4873/diff/-/diff-3.5.0.tgz#800c0dd1e0a8bfbc95835c202ad220fe317e5a12"

escape-string-regexp@1.0.5:
  version "1.0.5"
  resolved "http://localhost:4873/escape-string-regexp/-/escape-string-regexp-1.0.5.tgz#1b61c0562190a8dff6ae3bb2cf0200ca130b86d4"

fs.realpath@^1.0.0:
  version "1.0.0"
  resolved "http://localhost:4873/fs.realpath/-/fs.realpath-1.0.0.tgz#1504ad2523158caa40db4a2787cb01411994ea4f"

get-stdin@^4.0.1:
  version "4.0.1"
  resolved "http://localhost:4873/get-stdin/-/get-stdin-4.0.1.tgz#b968c6b0a04384324902e8bf1a5df32579a450fe"

glob@7.1.2:
  version "7.1.2"
  resolved "http://localhost:4873/glob/-/glob-7.1.2.tgz#c19c9df9a028702d678612384a6552404c636d15"
  dependencies:
    fs.realpath "^1.0.0"
    inflight "^1.0.4"
    inherits "2"
    minimatch "^3.0.4"
    once "^1.3.0"
    path-is-absolute "^1.0.0"

greedy-interval-packer@1.2.0:
  version "1.2.0"
  resolved "http://localhost:4873/greedy-interval-packer/-/greedy-interval-packer-1.2.0.tgz#d6da11f3661bb797812da78a1ea510678a2a8739"

growl@1.10.3:
  version "1.10.3"
  resolved "http://localhost:4873/growl/-/growl-1.10.3.tgz#1926ba90cf3edfe2adb4927f5880bc22c66c790f"

has-flag@^2.0.0:
  version "2.0.0"
  resolved "http://localhost:4873/has-flag/-/has-flag-2.0.0.tgz#e8207af1cc7b30d446cc70b734b5e8be18f88d51"

he@1.1.1:
  version "1.1.1"
  resolved "http://localhost:4873/he/-/he-1.1.1.tgz#93410fd21b009735151f8868c2f271f3427e23fd"

inflight@^1.0.4:
  version "1.0.6"
  resolved "http://localhost:4873/inflight/-/inflight-1.0.6.tgz#49bd6331d7d02d0c09bc910a1075ba8165b56df9"
  dependencies:
    once "^1.3.0"
    wrappy "1"

inherits@2:
  version "2.0.3"
  resolved "http://localhost:4873/inherits/-/inherits-2.0.3.tgz#633c2c83e3da42a502f52466022480f4208261de"

is-finite@^1.0.0:
  version "1.0.2"
  resolved "http://localhost:4873/is-finite/-/is-finite-1.0.2.tgz#cc6677695602be550ef11e8b4aa6305342b6d0aa"
  dependencies:
    number-is-nan "^1.0.0"

leven@2.1.0:
  version "2.1.0"
  resolved "http://localhost:4873/leven/-/leven-2.1.0.tgz#c2e7a9f772094dee9d34202ae8acce4687875580"

magicpen@5.12.0:
  version "5.12.0"
  resolved "http://localhost:4873/magicpen/-/magicpen-5.12.0.tgz#bbe9ee9d4236476aecf84136eca1833eb470a96b"
  dependencies:
    ansi-styles "2.0.0"
    color-diff "0.1.7"
    supports-color "1.2.0"

minimatch@3.0.4, minimatch@^3.0.4:
  version "3.0.4"
  resolved "http://localhost:4873/minimatch/-/minimatch-3.0.4.tgz#5166e286457f03306064be5497e8dbb0c3d32083"
  dependencies:
    brace-expansion "^1.1.7"

minimist@0.0.8:
  version "0.0.8"
  resolved "http://localhost:4873/minimist/-/minimist-0.0.8.tgz#857fcabfc3397d2625b8228262e86aa7a011b05d"

minimist@^1.1.0:
  version "1.2.0"
  resolved "http://localhost:4873/minimist/-/minimist-1.2.0.tgz#a35008b20f41383eec1fb914f4cd5df79a264284"

mkdirp@0.5.1:
  version "0.5.1"
  resolved "http://localhost:4873/mkdirp/-/mkdirp-0.5.1.tgz#30057438eac6cf7f8c4767f38648d6697d75c903"
  dependencies:
    minimist "0.0.8"

mocha@^5.1.0:
  version "5.1.0"
  resolved "http://localhost:4873/mocha/-/mocha-5.1.0.tgz#5ff11cc39c0bb65330ac6c41f9086634e3e3f686"
  dependencies:
    browser-stdout "1.3.1"
    commander "2.11.0"
    debug "3.1.0"
    diff "3.5.0"
    escape-string-regexp "1.0.5"
    glob "7.1.2"
    growl "1.10.3"
    he "1.1.1"
    minimatch "3.0.4"
    mkdirp "0.5.1"
    supports-color "4.4.0"

ms@2.0.0:
  version "2.0.0"
  resolved "http://localhost:4873/ms/-/ms-2.0.0.tgz#5608aeadfc00be6c2901df5f9861788de0d597c8"

number-is-nan@^1.0.0:
  version "1.0.1"
  resolved "http://localhost:4873/number-is-nan/-/number-is-nan-1.0.1.tgz#097b602b53422a522c1afb8790318336941a011d"

once@^1.3.0:
  version "1.4.0"
  resolved "http://localhost:4873/once/-/once-1.4.0.tgz#583b1aa775961d4b113ac17d9c50baef9dd76bd1"
  dependencies:
    wrappy "1"

path-is-absolute@^1.0.0:
  version "1.0.1"
  resolved "http://localhost:4873/path-is-absolute/-/path-is-absolute-1.0.1.tgz#174b9268735534ffbc7ace6bf53a5a9e1b5c5f5f"

regenerator-runtime@^0.11.0:
  version "0.11.1"
  resolved "http://localhost:4873/regenerator-runtime/-/regenerator-runtime-0.11.1.tgz#be05ad7f9bf7d22e056f9726cee5017fbf19e2e9"

repeating@^1.1.0:
  version "1.1.3"
  resolved "http://localhost:4873/repeating/-/repeating-1.1.3.tgz#3d4114218877537494f97f77f9785fab810fa4ac"
  dependencies:
    is-finite "^1.0.0"

supports-color@1.2.0:
  version "1.2.0"
  resolved "http://localhost:4873/supports-color/-/supports-color-1.2.0.tgz#ff1ed1e61169d06b3cf2d588e188b18d8847e17e"

supports-color@4.4.0:
  version "4.4.0"
  resolved "http://localhost:4873/supports-color/-/supports-color-4.4.0.tgz#883f7ddabc165142b2a61427f3352ded195d1a3e"
  dependencies:
    has-flag "^2.0.0"

unexpected-bluebird@2.9.34-longstack2:
  version "2.9.34-longstack2"
  resolved "http://localhost:4873/unexpected-bluebird/-/unexpected-bluebird-2.9.34-longstack2.tgz#49acac753b0556ded6025210ee96182307d2b2c9"

unexpected@^10.37.4:
  version "10.37.4"
  resolved "http://localhost:4873/unexpected/-/unexpected-10.37.4.tgz#4af30ed2a90c7f38536d7e53e52af16d67d5ec3a"
  dependencies:
    array-changes "3.0.1"
    array-changes-async "3.0.1"
    babel-runtime "6.26.0"
    detect-indent "3.0.1"
    diff "1.1.0"
    greedy-interval-packer "1.2.0"
    leven "2.1.0"
    magicpen "5.12.0"
    unexpected-bluebird "2.9.34-longstack2"

wrappy@1:
  version "1.0.2"
  resolved "http://localhost:4873/wrappy/-/wrappy-1.0.2.tgz#b5243d8f3ec1aa35f1364605bc0d1036e30ab69f"
